<?xml version="1.0" encoding="utf-8"?>
<Project ToolsVersion="4.0" xmlns="http://schemas.microsoft.com/developer/msbuild/2003">
  <ItemGroup>
    <Filter Include="Source Files">
      <UniqueIdentifier>{4FC737F1-C7A5-4376-A066-2A32D752A2FF}</UniqueIdentifier>
      <Extensions>cpp;c;cc;cxx;c++;cppm;ixx;def;odl;idl;hpj;bat;asm;asmx</Extensions>
    </Filter>
    <Filter Include="Resource Files">
      <UniqueIdentifier>{67DA6AB6-F800-4c08-8B7A-83BB121AAD01}</UniqueIdentifier>
      <Extensions>rc;ico;cur;bmp;dlg;rc2;rct;bin;rgs;gif;jpg;jpeg;jpe;resx;tiff;tif;png;wav;mfcribbon-ms</Extensions>
    </Filter>
    <Filter Include="DS">
      <UniqueIdentifier>{3dbe8496-619b-47c7-a054-6231c418a431}</UniqueIdentifier>
    </Filter>
    <Filter Include="Scheduler">
      <UniqueIdentifier>{0dbc7b13-8993-4f58-a175-cb08a05a8356}</UniqueIdentifier>
    </Filter>
    <Filter Include="Process">
      <UniqueIdentifier>{93995380-89BD-4b04-88EB-625FBE52EBFB}</UniqueIdentifier>
      <Extensions>h;hh;hpp;hxx;h++;hm;inl;inc;ipp;xsd</Extensions>
    </Filter>
    <Filter Include="Processors">
      <UniqueIdentifier>{24a9f3b3-63f8-42fa-b29e-f0371bf7fdec}</UniqueIdentifier>
    </Filter>
    <Filter Include="UI">
      <UniqueIdentifier>{a356f641-d75a-4e1a-936d-131d7f27fb29}</UniqueIdentifier>
    </Filter>
  </ItemGroup>
  <ItemGroup>
    <ClInclude Include="Node.h">
      <Filter>DS</Filter>
    </ClInclude>
    <ClInclude Include="queue.h">
      <Filter>DS</Filter>
    </ClInclude>
    <ClInclude Include="process.h">
      <Filter>Process</Filter>
    </ClInclude>
    <ClInclude Include="list.h">
      <Filter>DS</Filter>
    </ClInclude>
    <ClInclude Include="PrecondViolatedExcep.h">
      <Filter>DS</Filter>
    </ClInclude>
    <ClInclude Include="scheduler.h">
      <Filter>Scheduler</Filter>
    </ClInclude>
    <ClInclude Include="processor.h">
      <Filter>Processors</Filter>
    </ClInclude>
    <ClInclude Include="FCFS.h">
      <Filter>Processors</Filter>
    </ClInclude>
    <ClInclude Include="RR.h">
      <Filter>Processors</Filter>
    </ClInclude>
    <ClInclude Include="SJF.h">
      <Filter>Processors</Filter>
    </ClInclude>
    <ClInclude Include="UI.h">
      <Filter>UI</Filter>
    </ClInclude>
    <ClInclude Include="pqueue.h">
      <Filter>DS</Filter>
    </ClInclude>
    <ClInclude Include="specialList.h">
      <Filter>DS</Filter>
    </ClInclude>
  </ItemGroup>
  <ItemGroup>
    <ClCompile Include="scheduler.cpp">
      <Filter>Scheduler</Filter>
    </ClCompile>
    <ClCompile Include="process.cpp">
      <Filter>Process</Filter>
    </ClCompile>
    <ClCompile Include="processor.cpp">
      <Filter>Processors</Filter>
    </ClCompile>
    <ClCompile Include="FCFS.cpp">
      <Filter>Processors</Filter>
    </ClCompile>
    <ClCompile Include="RR.cpp">
      <Filter>Processors</Filter>
    </ClCompile>
    <ClCompile Include="SJF.cpp">
      <Filter>Processors</Filter>
    </ClCompile>
    <ClCompile Include="Source.cpp">
      <Filter>Source Files</Filter>
    </ClCompile>
    <ClCompile Include="UI.cpp">
      <Filter>UI</Filter>
    </ClCompile>
  </ItemGroup>
  <ItemGroup>
    <Text Include="..\test.txt">
      <Filter>Resource Files</Filter>
    </Text>
  </ItemGroup>
</Project>